Microsoft Visual Studio Solution File, Format Version 12.00
# Visual Studio Version 17
VisualStudioVersion = 17.5.2.0
MinimumVisualStudioVersion = 10.0.40219.1
Project("{FAE04EC0-301F-11D3-BF4B-00C04F79EFBC}") = "CSharpCrud", "CSharpCrud.csproj", "{D7856F59-2F9E-A059-552A-5221582D3F1F}"
EndProject
Global
	GlobalSection(SolutionConfigurationPlatforms) = preSolution
		Debug|Any CPU = Debug|Any CPU
		Release|Any CPU = Release|Any CPU
	EndGlobalSection
	GlobalSection(ProjectConfigurationPlatforms) = postSolution
		{D7856F59-2F9E-A059-552A-5221582D3F1F}.Debug|Any CPU.ActiveCfg = Debug|Any CPU
		{D7856F59-2F9E-A059-552A-5221582D3F1F}.Debug|Any CPU.Build.0 = Debug|Any CPU
		{D7856F59-2F9E-A059-552A-5221582D3F1F}.Release|Any CPU.ActiveCfg = Release|Any CPU
		{D7856F59-2F9E-A059-552A-5221582D3F1F}.Release|Any CPU.Build.0 = Release|Any CPU
	EndGlobalSection
	GlobalSection(SolutionProperties) = preSolution
		HideSolutionNode = FALSE
	EndGlobalSection
	GlobalSection(ExtensibilityGlobals) = postSolution
		SolutionGuid = {D9A4EF96-9585-4990-8FBE-A224214AB9D9}
	EndGlobalSection
EndGlobal
